{
  "name": "@yyyyu/react-native-geetest-sensebot",
  "version": "2.0.0",
  "lockfileVersion": 1,
  "requires": true,
  "dependencies": {
    "@types/invariant": {
      "version": "2.2.29",
      "resolved": "https://registry.npmjs.org/@types/invariant/-/invariant-2.2.29.tgz",
      "integrity": "sha512-lRVw09gOvgviOfeUrKc/pmTiRZ7g7oDOU6OAutyuSHpm1/o2RaBQvRhgK8QEdu+FFuw/wnWb29A/iuxv9i8OpQ=="
    },
    "@types/prop-types": {
      "version": "15.7.1",
      "resolved": "https://registry.npmjs.org/@types/prop-types/-/prop-types-15.7.1.tgz",
      "integrity": "sha512-CFzn9idOEpHrgdw8JsoTkaDDyRWk1jrzIV8djzcgpq0y9tG4B4lFT+Nxh52DVpDXV+n4+NPNv7M1Dj5uMp6XFg=="
    },
    "@types/react": {
      "version": "16.8.13",
      "resolved": "https://registry.npmjs.org/@types/react/-/react-16.8.13.tgz",
      "integrity": "sha512-otJ4ntMuHGrvm67CdDJMAls4WqotmAmW0g3HmWi9LCjSWXrxoXY/nHXrtmMfvPEEmGFNm6NdgMsJmnfH820Qaw==",
      "requires": {
        "@types/prop-types": "*",
        "csstype": "^2.2.0"
      }
    },
    "@types/react-native": {
      "version": "0.57.45",
      "resolved": "https://registry.npmjs.org/@types/react-native/-/react-native-0.57.45.tgz",
      "integrity": "sha512-XHo3buFjgCs5WmycCBoc71QAa+mayQgDf+igRKgt3rle8rxW/fKtQny6quSabR+YcT55PsOE2qBQ4S5ra9ds2g==",
      "requires": {
        "@types/prop-types": "*",
        "@types/react": "*"
      }
    },
    "csstype": {
      "version": "2.6.4",
      "resolved": "https://registry.npmjs.org/csstype/-/csstype-2.6.4.tgz",
      "integrity": "sha512-lAJUJP3M6HxFXbqtGRc0iZrdyeN+WzOWeY0q/VnFzI+kqVrYIzC7bWlKqCW7oCIdzoPkvfp82EVvrTlQ8zsWQg=="
    },
    "typescript": {
      "version": "3.4.3",
      "resolved": "https://registry.npmjs.org/typescript/-/typescript-3.4.3.tgz",
      "integrity": "sha512-FFgHdPt4T/duxx6Ndf7hwgMZZjZpB+U0nMNGVCYPq0rEzWKjEDobm4J6yb3CS7naZ0yURFqdw9Gwc7UOh/P9oQ==",
      "dev": true
    }
  }
}
